
Microsoft Visual Studio Solution File, Format Version 12.00
# Visual Studio 15
VisualStudioVersion = 15.0.27130.2010
MinimumVisualStudioVersion = 10.0.40219.1
Project("{9A19103F-16F7-4668-BE54-9A1E7A4F7556}") = "EsportTournaments.Web", "EsportTournaments.Web\EsportTournaments.Web.csproj", "{F44E5809-7EE0-428F-9206-4238A330EA51}"
EndProject
Project("{9A19103F-16F7-4668-BE54-9A1E7A4F7556}") = "EsportTournaments.Data", "EsportTournaments.Data\EsportTournaments.Data.csproj", "{0B45360E-A52D-4FA7-B481-D7831366287F}"
EndProject
Project("{9A19103F-16F7-4668-BE54-9A1E7A4F7556}") = "EsportTournaments.Core", "EsportTournaments.Core\EsportTournaments.Core.csproj", "{8FD65D83-503B-48F2-A9BA-5A90469F2ADF}"
EndProject
Project("{FAE04EC0-301F-11D3-BF4B-00C04F79EFBC}") = "EsportTournaments.Services", "EsportTournaments.Services\EsportTournaments.Services.csproj", "{3C5DC618-4E24-4D4E-A2F9-AB0340E68996}"
EndProject
Global
	GlobalSection(SolutionConfigurationPlatforms) = preSolution
		Debug|Any CPU = Debug|Any CPU
		Release|Any CPU = Release|Any CPU
	EndGlobalSection
	GlobalSection(ProjectConfigurationPlatforms) = postSolution
		{F44E5809-7EE0-428F-9206-4238A330EA51}.Debug|Any CPU.ActiveCfg = Debug|Any CPU
		{F44E5809-7EE0-428F-9206-4238A330EA51}.Debug|Any CPU.Build.0 = Debug|Any CPU
		{F44E5809-7EE0-428F-9206-4238A330EA51}.Release|Any CPU.ActiveCfg = Release|Any CPU
		{F44E5809-7EE0-428F-9206-4238A330EA51}.Release|Any CPU.Build.0 = Release|Any CPU
		{0B45360E-A52D-4FA7-B481-D7831366287F}.Debug|Any CPU.ActiveCfg = Debug|Any CPU
		{0B45360E-A52D-4FA7-B481-D7831366287F}.Debug|Any CPU.Build.0 = Debug|Any CPU
		{0B45360E-A52D-4FA7-B481-D7831366287F}.Release|Any CPU.ActiveCfg = Release|Any CPU
		{0B45360E-A52D-4FA7-B481-D7831366287F}.Release|Any CPU.Build.0 = Release|Any CPU
		{8FD65D83-503B-48F2-A9BA-5A90469F2ADF}.Debug|Any CPU.ActiveCfg = Debug|Any CPU
		{8FD65D83-503B-48F2-A9BA-5A90469F2ADF}.Debug|Any CPU.Build.0 = Debug|Any CPU
		{8FD65D83-503B-48F2-A9BA-5A90469F2ADF}.Release|Any CPU.ActiveCfg = Release|Any CPU
		{8FD65D83-503B-48F2-A9BA-5A90469F2ADF}.Release|Any CPU.Build.0 = Release|Any CPU
		{3C5DC618-4E24-4D4E-A2F9-AB0340E68996}.Debug|Any CPU.ActiveCfg = Debug|Any CPU
		{3C5DC618-4E24-4D4E-A2F9-AB0340E68996}.Debug|Any CPU.Build.0 = Debug|Any CPU
		{3C5DC618-4E24-4D4E-A2F9-AB0340E68996}.Release|Any CPU.ActiveCfg = Release|Any CPU
		{3C5DC618-4E24-4D4E-A2F9-AB0340E68996}.Release|Any CPU.Build.0 = Release|Any CPU
	EndGlobalSection
	GlobalSection(SolutionProperties) = preSolution
		HideSolutionNode = FALSE
	EndGlobalSection
	GlobalSection(ExtensibilityGlobals) = postSolution
		SolutionGuid = {D36F181B-7FD3-49A7-91C8-D62B56103D3F}
	EndGlobalSection
EndGlobal
